
Microsoft Visual Studio Solution File, Format Version 12.00
# Visual Studio Version 17
VisualStudioVersion = 17.2.32526.322
MinimumVisualStudioVersion = 10.0.40219.1
Project("{FAE04EC0-301F-11D3-BF4B-00C04F79EFBC}") = "BinarySearch", "Algorithms\BinarySearch.csproj", "{F009F487-C544-4252-A6C2-97C6B452691D}"
EndProject
Global
	GlobalSection(SolutionConfigurationPlatforms) = preSolution
		Debug|Any CPU = Debug|Any CPU
		Release|Any CPU = Release|Any CPU
	EndGlobalSection
	GlobalSection(ProjectConfigurationPlatforms) = postSolution
		{F009F487-C544-4252-A6C2-97C6B452691D}.Debug|Any CPU.ActiveCfg = Debug|Any CPU
		{F009F487-C544-4252-A6C2-97C6B452691D}.Debug|Any CPU.Build.0 = Debug|Any CPU
		{F009F487-C544-4252-A6C2-97C6B452691D}.Release|Any CPU.ActiveCfg = Release|Any CPU
		{F009F487-C544-4252-A6C2-97C6B452691D}.Release|Any CPU.Build.0 = Release|Any CPU
	EndGlobalSection
	GlobalSection(SolutionProperties) = preSolution
		HideSolutionNode = FALSE
	EndGlobalSection
	GlobalSection(ExtensibilityGlobals) = postSolution
		SolutionGuid = {2B224C51-B405-4684-8DDD-D2CBDD722D7D}
	EndGlobalSection
EndGlobal
